
Microsoft Visual Studio Solution File, Format Version 12.00
# Visual Studio Version 16
VisualStudioVersion = 16.0.30611.23
MinimumVisualStudioVersion = 10.0.40219.1
Project("{9A19103F-16F7-4668-BE54-9A1E7A4F7556}") = "Tony.FileTransfer.Server", "Tony.FileTransfer.Server\Tony.FileTransfer.Server.csproj", "{7956974B-682A-4EF9-A809-A4C4BDE1FD63}"
EndProject
Project("{9A19103F-16F7-4668-BE54-9A1E7A4F7556}") = "Tony.FileTransfer.Core", "Tony.FileTransfer.Core\Tony.FileTransfer.Core.csproj", "{2F98E5E7-BE36-4497-B156-47587A56E525}"
EndProject
Project("{9A19103F-16F7-4668-BE54-9A1E7A4F7556}") = "Tony.FileTransfer.Server.Test", "Tony.FileTransfer.Server.Test\Tony.FileTransfer.Server.Test.csproj", "{2E5FA484-0795-48CE-98B9-764E2A93CAF3}"
EndProject
Project("{FAE04EC0-301F-11D3-BF4B-00C04F79EFBC}") = "Tony.FileTransfer.Client", "Tony.FileTransfer.Client\Tony.FileTransfer.Client.csproj", "{500D9574-9503-4FA8-B305-65759645CDC0}"
EndProject
Project("{FAE04EC0-301F-11D3-BF4B-00C04F79EFBC}") = "Tony.FileTransfer.Resource", "Tony.FileTransfer.Resource\Tony.FileTransfer.Resource.csproj", "{65FEA823-116E-4126-B91F-A75CFD6D2A6F}"
EndProject
Global
	GlobalSection(SolutionConfigurationPlatforms) = preSolution
		Debug|Any CPU = Debug|Any CPU
		Release|Any CPU = Release|Any CPU
	EndGlobalSection
	GlobalSection(ProjectConfigurationPlatforms) = postSolution
		{7956974B-682A-4EF9-A809-A4C4BDE1FD63}.Debug|Any CPU.ActiveCfg = Debug|Any CPU
		{7956974B-682A-4EF9-A809-A4C4BDE1FD63}.Debug|Any CPU.Build.0 = Debug|Any CPU
		{7956974B-682A-4EF9-A809-A4C4BDE1FD63}.Release|Any CPU.ActiveCfg = Release|Any CPU
		{7956974B-682A-4EF9-A809-A4C4BDE1FD63}.Release|Any CPU.Build.0 = Release|Any CPU
		{2F98E5E7-BE36-4497-B156-47587A56E525}.Debug|Any CPU.ActiveCfg = Debug|Any CPU
		{2F98E5E7-BE36-4497-B156-47587A56E525}.Debug|Any CPU.Build.0 = Debug|Any CPU
		{2F98E5E7-BE36-4497-B156-47587A56E525}.Release|Any CPU.ActiveCfg = Release|Any CPU
		{2F98E5E7-BE36-4497-B156-47587A56E525}.Release|Any CPU.Build.0 = Release|Any CPU
		{2E5FA484-0795-48CE-98B9-764E2A93CAF3}.Debug|Any CPU.ActiveCfg = Debug|Any CPU
		{2E5FA484-0795-48CE-98B9-764E2A93CAF3}.Debug|Any CPU.Build.0 = Debug|Any CPU
		{2E5FA484-0795-48CE-98B9-764E2A93CAF3}.Release|Any CPU.ActiveCfg = Release|Any CPU
		{2E5FA484-0795-48CE-98B9-764E2A93CAF3}.Release|Any CPU.Build.0 = Release|Any CPU
		{500D9574-9503-4FA8-B305-65759645CDC0}.Debug|Any CPU.ActiveCfg = Debug|Any CPU
		{500D9574-9503-4FA8-B305-65759645CDC0}.Debug|Any CPU.Build.0 = Debug|Any CPU
		{500D9574-9503-4FA8-B305-65759645CDC0}.Release|Any CPU.ActiveCfg = Release|Any CPU
		{500D9574-9503-4FA8-B305-65759645CDC0}.Release|Any CPU.Build.0 = Release|Any CPU
		{65FEA823-116E-4126-B91F-A75CFD6D2A6F}.Debug|Any CPU.ActiveCfg = Debug|Any CPU
		{65FEA823-116E-4126-B91F-A75CFD6D2A6F}.Debug|Any CPU.Build.0 = Debug|Any CPU
		{65FEA823-116E-4126-B91F-A75CFD6D2A6F}.Release|Any CPU.ActiveCfg = Release|Any CPU
		{65FEA823-116E-4126-B91F-A75CFD6D2A6F}.Release|Any CPU.Build.0 = Release|Any CPU
	EndGlobalSection
	GlobalSection(SolutionProperties) = preSolution
		HideSolutionNode = FALSE
	EndGlobalSection
	GlobalSection(ExtensibilityGlobals) = postSolution
		SolutionGuid = {257F2482-230D-4639-A513-990A12DAD65E}
	EndGlobalSection
EndGlobal
